
Microsoft Visual Studio Solution File, Format Version 12.00
# Visual Studio Version 17
VisualStudioVersion = 17.9.34728.123
MinimumVisualStudioVersion = 10.0.40219.1
Project("{FAE04EC0-301F-11D3-BF4B-00C04F79EFBC}") = "CS_Form", "CS_Form\CS_Form.csproj", "{971CCED6-8868-464D-8F7B-E4AAB2B1F175}"
EndProject
Global
	GlobalSection(SolutionConfigurationPlatforms) = preSolution
		Debug|Any CPU = Debug|Any CPU
		Release|Any CPU = Release|Any CPU
	EndGlobalSection
	GlobalSection(ProjectConfigurationPlatforms) = postSolution
		{971CCED6-8868-464D-8F7B-E4AAB2B1F175}.Debug|Any CPU.ActiveCfg = Debug|Any CPU
		{971CCED6-8868-464D-8F7B-E4AAB2B1F175}.Debug|Any CPU.Build.0 = Debug|Any CPU
		{971CCED6-8868-464D-8F7B-E4AAB2B1F175}.Release|Any CPU.ActiveCfg = Release|Any CPU
		{971CCED6-8868-464D-8F7B-E4AAB2B1F175}.Release|Any CPU.Build.0 = Release|Any CPU
	EndGlobalSection
	GlobalSection(SolutionProperties) = preSolution
		HideSolutionNode = FALSE
	EndGlobalSection
	GlobalSection(ExtensibilityGlobals) = postSolution
		SolutionGuid = {09C8A885-FF7A-4EA2-8D60-5DA0286C3B16}
	EndGlobalSection
EndGlobal
